
Microsoft Visual Studio Solution File, Format Version 12.00
# Visual Studio Version 17
VisualStudioVersion = 17.3.32929.385
MinimumVisualStudioVersion = 10.0.40219.1
Project("{FAE04EC0-301F-11D3-BF4B-00C04F79EFBC}") = "Kulatz", "Kulatz\Kulatz.csproj", "{FFE7580F-3BB6-445F-9C5E-27DD733FCAFC}"
EndProject
Global
	GlobalSection(SolutionConfigurationPlatforms) = preSolution
		Debug|Any CPU = Debug|Any CPU
		Release|Any CPU = Release|Any CPU
	EndGlobalSection
	GlobalSection(ProjectConfigurationPlatforms) = postSolution
		{FFE7580F-3BB6-445F-9C5E-27DD733FCAFC}.Debug|Any CPU.ActiveCfg = Debug|Any CPU
		{FFE7580F-3BB6-445F-9C5E-27DD733FCAFC}.Debug|Any CPU.Build.0 = Debug|Any CPU
		{FFE7580F-3BB6-445F-9C5E-27DD733FCAFC}.Release|Any CPU.ActiveCfg = Release|Any CPU
		{FFE7580F-3BB6-445F-9C5E-27DD733FCAFC}.Release|Any CPU.Build.0 = Release|Any CPU
	EndGlobalSection
	GlobalSection(SolutionProperties) = preSolution
		HideSolutionNode = FALSE
	EndGlobalSection
	GlobalSection(ExtensibilityGlobals) = postSolution
		SolutionGuid = {C475E1C3-28D4-4E28-BF9F-8643380289B7}
	EndGlobalSection
EndGlobal
